// !$*UTF8*$!
{
	archiveVersion = 1;
	classes = {
	};
	objectVersion = 50;
	objects = {

/* Begin PBXBuildFile section */
		12E6CE09209179BC00AC88E2 /* AppDelegate.m in Sources */ = {isa = PBXBuildFile; fileRef = 12E6CE08209179BC00AC88E2 /* AppDelegate.m */; };
		12E6CE0C209179BC00AC88E2 /* RootViewController.m in Sources */ = {isa = PBXBuildFile; fileRef = 12E6CE0B209179BC00AC88E2 /* RootViewController.m */; };
		12E6CE0F209179BC00AC88E2 /* Main.storyboard in Resources */ = {isa = PBXBuildFile; fileRef = 12E6CE0D209179BC00AC88E2 /* Main.storyboard */; };
		12E6CE11209179BD00AC88E2 /* Assets.xcassets in Resources */ = {isa = PBXBuildFile; fileRef = 12E6CE10209179BD00AC88E2 /* Assets.xcassets */; };
		12E6CE14209179BD00AC88E2 /* LaunchScreen.storyboard in Resources */ = {isa = PBXBuildFile; fileRef = 12E6CE12209179BD00AC88E2 /* LaunchScreen.storyboard */; };
		12E6CE17209179BD00AC88E2 /* main.m in Sources */ = {isa = PBXBuildFile; fileRef = 12E6CE16209179BD00AC88E2 /* main.m */; };
		12E6CE21209179BD00AC88E2 /* PracticeCollectionViewTests.m in Sources */ = {isa = PBXBuildFile; fileRef = 12E6CE20209179BD00AC88E2 /* PracticeCollectionViewTests.m */; };
		12E6CE2C209179BD00AC88E2 /* PracticeCollectionViewUITests.m in Sources */ = {isa = PBXBuildFile; fileRef = 12E6CE2B209179BD00AC88E2 /* PracticeCollectionViewUITests.m */; };
		12E6CE3C20917CB900AC88E2 /* WSViewController.m in Sources */ = {isa = PBXBuildFile; fileRef = 12E6CE3B20917CB900AC88E2 /* WSViewController.m */; };
		12E6CE4020917E8C00AC88E2 /* Info.plist in Resources */ = {isa = PBXBuildFile; fileRef = 12E6CE3F20917E8C00AC88E2 /* Info.plist */; };
		FD56CBCFDEA68B2918B31231 /* libPods-PracticeCollectionView.a in Frameworks */ = {isa = PBXBuildFile; fileRef = F7A46A042CA97CA1B364696E /* libPods-PracticeCollectionView.a */; };
/* End PBXBuildFile section */

/* Begin PBXContainerItemProxy section */
		12E6CE1D209179BD00AC88E2 /* PBXContainerItemProxy */ = {
			isa = PBXContainerItemProxy;
			containerPortal = 12E6CDFC209179BC00AC88E2 /* Project object */;
			proxyType = 1;
			remoteGlobalIDString = 12E6CE03209179BC00AC88E2;
			remoteInfo = PracticeCollectionView;
		};
		12E6CE28209179BD00AC88E2 /* PBXContainerItemProxy */ = {
			isa = PBXContainerItemProxy;
			containerPortal = 12E6CDFC209179BC00AC88E2 /* Project object */;
			proxyType = 1;
			remoteGlobalIDString = 12E6CE03209179BC00AC88E2;
			remoteInfo = PracticeCollectionView;
		};
/* End PBXContainerItemProxy section */

/* Begin PBXFileReference section */
		12E6CE04209179BC00AC88E2 /* PracticeCollectionView.app */ = {isa = PBXFileReference; explicitFileType = wrapper.application; includeInIndex = 0; path = PracticeCollectionView.app; sourceTree = BUILT_PRODUCTS_DIR; };
		12E6CE07209179BC00AC88E2 /* AppDelegate.h */ = {isa = PBXFileReference; lastKnownFileType = sourcecode.c.h; path = AppDelegate.h; sourceTree = "<group>"; };
		12E6CE08209179BC00AC88E2 /* AppDelegate.m */ = {isa = PBXFileReference; lastKnownFileType = sourcecode.c.objc; path = AppDelegate.m; sourceTree = "<group>"; };
		12E6CE0A209179BC00AC88E2 /* RootViewController.h */ = {isa = PBXFileReference; lastKnownFileType = sourcecode.c.h; path = RootViewController.h; sourceTree = "<group>"; };
		12E6CE0B209179BC00AC88E2 /* RootViewController.m */ = {isa = PBXFileReference; lastKnownFileType = sourcecode.c.objc; path = RootViewController.m; sourceTree = "<group>"; };
		12E6CE0E209179BC00AC88E2 /* Base */ = {isa = PBXFileReference; lastKnownFileType = file.storyboard; name = Base; path = Base.lproj/Main.storyboard; sourceTree = "<group>"; };
		12E6CE10209179BD00AC88E2 /* Assets.xcassets */ = {isa = PBXFileReference; lastKnownFileType = folder.assetcatalog; path = Assets.xcassets; sourceTree = "<group>"; };
		12E6CE13209179BD00AC88E2 /* Base */ = {isa = PBXFileReference; lastKnownFileType = file.storyboard; name = Base; path = Base.lproj/LaunchScreen.storyboard; sourceTree = "<group>"; };
		12E6CE16209179BD00AC88E2 /* main.m */ = {isa = PBXFileReference; lastKnownFileType = sourcecode.c.objc; path = main.m; sourceTree = "<group>"; };
		12E6CE1C209179BD00AC88E2 /* PracticeCollectionViewTests.xctest */ = {isa = PBXFileReference; explicitFileType = wrapper.cfbundle; includeInIndex = 0; path = PracticeCollectionViewTests.xctest; sourceTree = BUILT_PRODUCTS_DIR; };
		12E6CE20209179BD00AC88E2 /* PracticeCollectionViewTests.m */ = {isa = PBXFileReference; lastKnownFileType = sourcecode.c.objc; path = PracticeCollectionViewTests.m; sourceTree = "<group>"; };
		12E6CE22209179BD00AC88E2 /* Info.plist */ = {isa = PBXFileReference; lastKnownFileType = text.plist.xml; path = Info.plist; sourceTree = "<group>"; };
		12E6CE27209179BD00AC88E2 /* PracticeCollectionViewUITests.xctest */ = {isa = PBXFileReference; explicitFileType = wrapper.cfbundle; includeInIndex = 0; path = PracticeCollectionViewUITests.xctest; sourceTree = BUILT_PRODUCTS_DIR; };
		12E6CE2B209179BD00AC88E2 /* PracticeCollectionViewUITests.m */ = {isa = PBXFileReference; lastKnownFileType = sourcecode.c.objc; path = PracticeCollectionViewUITests.m; sourceTree = "<group>"; };
		12E6CE2D209179BD00AC88E2 /* Info.plist */ = {isa = PBXFileReference; lastKnownFileType = text.plist.xml; path = Info.plist; sourceTree = "<group>"; };
		12E6CE3A20917CB900AC88E2 /* WSViewController.h */ = {isa = PBXFileReference; lastKnownFileType = sourcecode.c.h; path = WSViewController.h; sourceTree = "<group>"; };
		12E6CE3B20917CB900AC88E2 /* WSViewController.m */ = {isa = PBXFileReference; lastKnownFileType = sourcecode.c.objc; path = WSViewController.m; sourceTree = "<group>"; };
		12E6CE3E20917E2000AC88E2 /* PrefixHeader.h */ = {isa = PBXFileReference; lastKnownFileType = sourcecode.c.h; path = PrefixHeader.h; sourceTree = "<group>"; };
		12E6CE3F20917E8C00AC88E2 /* Info.plist */ = {isa = PBXFileReference; fileEncoding = 4; lastKnownFileType = text.plist.xml; path = Info.plist; sourceTree = "<group>"; };
		380539D50ED89BCAFE180F33 /* Pods-PracticeCollectionView.release.xcconfig */ = {isa = PBXFileReference; includeInIndex = 1; lastKnownFileType = text.xcconfig; name = "Pods-PracticeCollectionView.release.xcconfig"; path = "Pods/Target Support Files/Pods-PracticeCollectionView/Pods-PracticeCollectionView.release.xcconfig"; sourceTree = "<group>"; };
		F7A46A042CA97CA1B364696E /* libPods-PracticeCollectionView.a */ = {isa = PBXFileReference; explicitFileType = archive.ar; includeInIndex = 0; path = "libPods-PracticeCollectionView.a"; sourceTree = BUILT_PRODUCTS_DIR; };
		F8D2D06433A16B025D8A8F80 /* Pods-PracticeCollectionView.debug.xcconfig */ = {isa = PBXFileReference; includeInIndex = 1; lastKnownFileType = text.xcconfig; name = "Pods-PracticeCollectionView.debug.xcconfig"; path = "Pods/Target Support Files/Pods-PracticeCollectionView/Pods-PracticeCollectionView.debug.xcconfig"; sourceTree = "<group>"; };
/* End PBXFileReference section */

/* Begin PBXFrameworksBuildPhase section */
		12E6CE01209179BC00AC88E2 /* Frameworks */ = {
			isa = PBXFrameworksBuildPhase;
			buildActionMask = 2147483647;
			files = (
				FD56CBCFDEA68B2918B31231 /* libPods-PracticeCollectionView.a in Frameworks */,
			);
			runOnlyForDeploymentPostprocessing = 0;
		};
		12E6CE19209179BD00AC88E2 /* Frameworks */ = {
			isa = PBXFrameworksBuildPhase;
			buildActionMask = 2147483647;
			files = (
			);
			runOnlyForDeploymentPostprocessing = 0;
		};
		12E6CE24209179BD00AC88E2 /* Frameworks */ = {
			isa = PBXFrameworksBuildPhase;
			buildActionMask = 2147483647;
			files = (
			);
			runOnlyForDeploymentPostprocessing = 0;
		};
/* End PBXFrameworksBuildPhase section */

/* Begin PBXGroup section */
		12E6CDFB209179BC00AC88E2 = {
			isa = PBXGroup;
			children = (
				12E6CE06209179BC00AC88E2 /* PracticeCollectionView */,
				12E6CE1F209179BD00AC88E2 /* PracticeCollectionViewTests */,
				12E6CE2A209179BD00AC88E2 /* PracticeCollectionViewUITests */,
				12E6CE05209179BC00AC88E2 /* Products */,
				40D004E56771CD2B81CDE5A6 /* Pods */,
				C40E316B5B885170A8D30F27 /* Frameworks */,
			);
			sourceTree = "<group>";
		};
		12E6CE05209179BC00AC88E2 /* Products */ = {
			isa = PBXGroup;
			children = (
				12E6CE04209179BC00AC88E2 /* PracticeCollectionView.app */,
				12E6CE1C209179BD00AC88E2 /* PracticeCollectionViewTests.xctest */,
				12E6CE27209179BD00AC88E2 /* PracticeCollectionViewUITests.xctest */,
			);
			name = Products;
			sourceTree = "<group>";
		};
		12E6CE06209179BC00AC88E2 /* PracticeCollectionView */ = {
			isa = PBXGroup;
			children = (
				12E6CE07209179BC00AC88E2 /* AppDelegate.h */,
				12E6CE08209179BC00AC88E2 /* AppDelegate.m */,
				12E6CE3A20917CB900AC88E2 /* WSViewController.h */,
				12E6CE3B20917CB900AC88E2 /* WSViewController.m */,
				12E6CE0A209179BC00AC88E2 /* RootViewController.h */,
				12E6CE0B209179BC00AC88E2 /* RootViewController.m */,
				12E6CE39209179D600AC88E2 /* WaterFall */,
				12E6CE3D20917DC700AC88E2 /* SupportingFile */,
			);
			path = PracticeCollectionView;
			sourceTree = "<group>";
		};
		12E6CE1F209179BD00AC88E2 /* PracticeCollectionViewTests */ = {
			isa = PBXGroup;
			children = (
				12E6CE20209179BD00AC88E2 /* PracticeCollectionViewTests.m */,
				12E6CE22209179BD00AC88E2 /* Info.plist */,
			);
			path = PracticeCollectionViewTests;
			sourceTree = "<group>";
		};
		12E6CE2A209179BD00AC88E2 /* PracticeCollectionViewUITests */ = {
			isa = PBXGroup;
			children = (
				12E6CE2B209179BD00AC88E2 /* PracticeCollectionViewUITests.m */,
				12E6CE2D209179BD00AC88E2 /* Info.plist */,
			);
			path = PracticeCollectionViewUITests;
			sourceTree = "<group>";
		};
		12E6CE39209179D600AC88E2 /* WaterFall */ = {
			isa = PBXGroup;
			children = (
			);
			path = WaterFall;
			sourceTree = "<group>";
		};
		12E6CE3D20917DC700AC88E2 /* SupportingFile */ = {
			isa = PBXGroup;
			children = (
				12E6CE3F20917E8C00AC88E2 /* Info.plist */,
				12E6CE0D209179BC00AC88E2 /* Main.storyboard */,
				12E6CE10209179BD00AC88E2 /* Assets.xcassets */,
				12E6CE12209179BD00AC88E2 /* LaunchScreen.storyboard */,
				12E6CE16209179BD00AC88E2 /* main.m */,
				12E6CE3E20917E2000AC88E2 /* PrefixHeader.h */,
			);
			path = SupportingFile;
			sourceTree = "<group>";
		};
		40D004E56771CD2B81CDE5A6 /* Pods */ = {
			isa = PBXGroup;
			children = (
				F8D2D06433A16B025D8A8F80 /* Pods-PracticeCollectionView.debug.xcconfig */,
				380539D50ED89BCAFE180F33 /* Pods-PracticeCollectionView.release.xcconfig */,
			);
			name = Pods;
			sourceTree = "<group>";
		};
		C40E316B5B885170A8D30F27 /* Frameworks */ = {
			isa = PBXGroup;
			children = (
				F7A46A042CA97CA1B364696E /* libPods-PracticeCollectionView.a */,
			);
			name = Frameworks;
			sourceTree = "<group>";
		};
/* End PBXGroup section */

/* Begin PBXNativeTarget section */
		12E6CE03209179BC00AC88E2 /* PracticeCollectionView */ = {
			isa = PBXNativeTarget;
			buildConfigurationList = 12E6CE30209179BD00AC88E2 /* Build configuration list for PBXNativeTarget "PracticeCollectionView" */;
			buildPhases = (
				EF73F17C738D47603B385690 /* [CP] Check Pods Manifest.lock */,
				12E6CE00209179BC00AC88E2 /* Sources */,
				12E6CE01209179BC00AC88E2 /* Frameworks */,
				12E6CE02209179BC00AC88E2 /* Resources */,
			);
			buildRules = (
			);
			dependencies = (
			);
			name = PracticeCollectionView;
			productName = PracticeCollectionView;
			productReference = 12E6CE04209179BC00AC88E2 /* PracticeCollectionView.app */;
			productType = "com.apple.product-type.application";
		};
		12E6CE1B209179BD00AC88E2 /* PracticeCollectionViewTests */ = {
			isa = PBXNativeTarget;
			buildConfigurationList = 12E6CE33209179BD00AC88E2 /* Build configuration list for PBXNativeTarget "PracticeCollectionViewTests" */;
			buildPhases = (
				12E6CE18209179BD00AC88E2 /* Sources */,
				12E6CE19209179BD00AC88E2 /* Frameworks */,
				12E6CE1A209179BD00AC88E2 /* Resources */,
			);
			buildRules = (
			);
			dependencies = (
				12E6CE1E209179BD00AC88E2 /* PBXTargetDependency */,
			);
			name = PracticeCollectionViewTests;
			productName = PracticeCollectionViewTests;
			productReference = 12E6CE1C209179BD00AC88E2 /* PracticeCollectionViewTests.xctest */;
			productType = "com.apple.product-type.bundle.unit-test";
		};
		12E6CE26209179BD00AC88E2 /* PracticeCollectionViewUITests */ = {
			isa = PBXNativeTarget;
			buildConfigurationList = 12E6CE36209179BD00AC88E2 /* Build configuration list for PBXNativeTarget "PracticeCollectionViewUITests" */;
			buildPhases = (
				12E6CE23209179BD00AC88E2 /* Sources */,
				12E6CE24209179BD00AC88E2 /* Frameworks */,
				12E6CE25209179BD00AC88E2 /* Resources */,
			);
			buildRules = (
			);
			dependencies = (
				12E6CE29209179BD00AC88E2 /* PBXTargetDependency */,
			);
			name = PracticeCollectionViewUITests;
			productName = PracticeCollectionViewUITests;
			productReference = 12E6CE27209179BD00AC88E2 /* PracticeCollectionViewUITests.xctest */;
			productType = "com.apple.product-type.bundle.ui-testing";
		};
/* End PBXNativeTarget section */

/* Begin PBXProject section */
		12E6CDFC209179BC00AC88E2 /* Project object */ = {
			isa = PBXProject;
			attributes = {
				LastUpgradeCheck = 0930;
				ORGANIZATIONNAME = ws;
				TargetAttributes = {
					12E6CE03209179BC00AC88E2 = {
						CreatedOnToolsVersion = 9.3;
					};
					12E6CE1B209179BD00AC88E2 = {
						CreatedOnToolsVersion = 9.3;
						TestTargetID = 12E6CE03209179BC00AC88E2;
					};
					12E6CE26209179BD00AC88E2 = {
						CreatedOnToolsVersion = 9.3;
						TestTargetID = 12E6CE03209179BC00AC88E2;
					};
				};
			};
			buildConfigurationList = 12E6CDFF209179BC00AC88E2 /* Build configuration list for PBXProject "PracticeCollectionView" */;
			compatibilityVersion = "Xcode 9.3";
			developmentRegion = en;
			hasScannedForEncodings = 0;
			knownRegions = (
				en,
				Base,
			);
			mainGroup = 12E6CDFB209179BC00AC88E2;
			productRefGroup = 12E6CE05209179BC00AC88E2 /* Products */;
			projectDirPath = "";
			projectRoot = "";
			targets = (
				12E6CE03209179BC00AC88E2 /* PracticeCollectionView */,
				12E6CE1B209179BD00AC88E2 /* PracticeCollectionViewTests */,
				12E6CE26209179BD00AC88E2 /* PracticeCollectionViewUITests */,
			);
		};
/* End PBXProject section */

/* Begin PBXResourcesBuildPhase section */
		12E6CE02209179BC00AC88E2 /* Resources */ = {
			isa = PBXResourcesBuildPhase;
			buildActionMask = 2147483647;
			files = (
				12E6CE4020917E8C00AC88E2 /* Info.plist in Resources */,
				12E6CE14209179BD00AC88E2 /* LaunchScreen.storyboard in Resources */,
				12E6CE11209179BD00AC88E2 /* Assets.xcassets in Resources */,
				12E6CE0F209179BC00AC88E2 /* Main.storyboard in Resources */,
			);
			runOnlyForDeploymentPostprocessing = 0;
		};
		12E6CE1A209179BD00AC88E2 /* Resources */ = {
			isa = PBXResourcesBuildPhase;
			buildActionMask = 2147483647;
			files = (
			);
			runOnlyForDeploymentPostprocessing = 0;
		};
		12E6CE25209179BD00AC88E2 /* Resources */ = {
			isa = PBXResourcesBuildPhase;
			buildActionMask = 2147483647;
			files = (
			);
			runOnlyForDeploymentPostprocessing = 0;
		};
/* End PBXResourcesBuildPhase section */

/* Begin PBXShellScriptBuildPhase section */
		EF73F17C738D47603B385690 /* [CP] Check Pods Manifest.lock */ = {
			isa = PBXShellScriptBuildPhase;
			buildActionMask = 2147483647;
			files = (
			);
			inputPaths = (
				"${PODS_PODFILE_DIR_PATH}/Podfile.lock",
				"${PODS_ROOT}/Manifest.lock",
			);
			name = "[CP] Check Pods Manifest.lock";
			outputPaths = (
				"$(DERIVED_FILE_DIR)/Pods-PracticeCollectionView-checkManifestLockResult.txt",
			);
			runOnlyForDeploymentPostprocessing = 0;
			shellPath = /bin/sh;
			shellScript = "diff \"${PODS_PODFILE_DIR_PATH}/Podfile.lock\" \"${PODS_ROOT}/Manifest.lock\" > /dev/null\nif [ $? != 0 ] ; then\n    # print error to STDERR\n    echo \"error: The sandbox is not in sync with the Podfile.lock. Run 'pod install' or update your CocoaPods installation.\" >&2\n    exit 1\nfi\n# This output is used by Xcode 'outputs' to avoid re-running this script phase.\necho \"SUCCESS\" > \"${SCRIPT_OUTPUT_FILE_0}\"\n";
			showEnvVarsInLog = 0;
		};
/* End PBXShellScriptBuildPhase section */

/* Begin PBXSourcesBuildPhase section */
		12E6CE00209179BC00AC88E2 /* Sources */ = {
			isa = PBXSourcesBuildPhase;
			buildActionMask = 2147483647;
			files = (
				12E6CE0C209179BC00AC88E2 /* RootViewController.m in Sources */,
				12E6CE17209179BD00AC88E2 /* main.m in Sources */,
				12E6CE3C20917CB900AC88E2 /* WSViewController.m in Sources */,
				12E6CE09209179BC00AC88E2 /* AppDelegate.m in Sources */,
			);
			runOnlyForDeploymentPostprocessing = 0;
		};
		12E6CE18209179BD00AC88E2 /* Sources */ = {
			isa = PBXSourcesBuildPhase;
			buildActionMask = 2147483647;
			files = (
				12E6CE21209179BD00AC88E2 /* PracticeCollectionViewTests.m in Sources */,
			);
			runOnlyForDeploymentPostprocessing = 0;
		};
		12E6CE23209179BD00AC88E2 /* Sources */ = {
			isa = PBXSourcesBuildPhase;
			buildActionMask = 2147483647;
			files = (
				12E6CE2C209179BD00AC88E2 /* PracticeCollectionViewUITests.m in Sources */,
			);
			runOnlyForDeploymentPostprocessing = 0;
		};
/* End PBXSourcesBuildPhase section */

/* Begin PBXTargetDependency section */
		12E6CE1E209179BD00AC88E2 /* PBXTargetDependency */ = {
			isa = PBXTargetDependency;
			target = 12E6CE03209179BC00AC88E2 /* PracticeCollectionView */;
			targetProxy = 12E6CE1D209179BD00AC88E2 /* PBXContainerItemProxy */;
		};
		12E6CE29209179BD00AC88E2 /* PBXTargetDependency */ = {
			isa = PBXTargetDependency;
			target = 12E6CE03209179BC00AC88E2 /* PracticeCollectionView */;
			targetProxy = 12E6CE28209179BD00AC88E2 /* PBXContainerItemProxy */;
		};
/* End PBXTargetDependency section */

/* Begin PBXVariantGroup section */
		12E6CE0D209179BC00AC88E2 /* Main.storyboard */ = {
			isa = PBXVariantGroup;
			children = (
				12E6CE0E209179BC00AC88E2 /* Base */,
			);
			name = Main.storyboard;
			sourceTree = "<group>";
		};
		12E6CE12209179BD00AC88E2 /* LaunchScreen.storyboard */ = {
			isa = PBXVariantGroup;
			children = (
				12E6CE13209179BD00AC88E2 /* Base */,
			);
			name = LaunchScreen.storyboard;
			sourceTree = "<group>";
		};
/* End PBXVariantGroup section */

/* Begin XCBuildConfiguration section */
		12E6CE2E209179BD00AC88E2 /* Debug */ = {
			isa = XCBuildConfiguration;
			buildSettings = {
				ALWAYS_SEARCH_USER_PATHS = NO;
				CLANG_ANALYZER_NONNULL = YES;
				CLANG_ANALYZER_NUMBER_OBJECT_CONVERSION = YES_AGGRESSIVE;
				CLANG_CXX_LANGUAGE_STANDARD = "gnu++14";
				CLANG_CXX_LIBRARY = "libc++";
				CLANG_ENABLE_MODULES = YES;
				CLANG_ENABLE_OBJC_ARC = YES;
				CLANG_ENABLE_OBJC_WEAK = YES;
				CLANG_WARN_BLOCK_CAPTURE_AUTORELEASING = YES;
				CLANG_WARN_BOOL_CONVERSION = YES;
				CLANG_WARN_COMMA = YES;
				CLANG_WARN_CONSTANT_CONVERSION = YES;
				CLANG_WARN_DEPRECATED_OBJC_IMPLEMENTATIONS = YES;
				CLANG_WARN_DIRECT_OBJC_ISA_USAGE = YES_ERROR;
				CLANG_WARN_DOCUMENTATION_COMMENTS = YES;
				CLANG_WARN_EMPTY_BODY = YES;
				CLANG_WARN_ENUM_CONVERSION = YES;
				CLANG_WARN_INFINITE_RECURSION = YES;
				CLANG_WARN_INT_CONVERSION = YES;
				CLANG_WARN_NON_LITERAL_NULL_CONVERSION = YES;
				CLANG_WARN_OBJC_IMPLICIT_RETAIN_SELF = YES;
				CLANG_WARN_OBJC_LITERAL_CONVERSION = YES;
				CLANG_WARN_OBJC_ROOT_CLASS = YES_ERROR;
				CLANG_WARN_RANGE_LOOP_ANALYSIS = YES;
				CLANG_WARN_STRICT_PROTOTYPES = YES;
				CLANG_WARN_SUSPICIOUS_MOVE = YES;
				CLANG_WARN_UNGUARDED_AVAILABILITY = YES_AGGRESSIVE;
				CLANG_WARN_UNREACHABLE_CODE = YES;
				CLANG_WARN__DUPLICATE_METHOD_MATCH = YES;
				CODE_SIGN_IDENTITY = "iPhone Developer";
				COPY_PHASE_STRIP = NO;
				DEBUG_INFORMATION_FORMAT = dwarf;
				ENABLE_STRICT_OBJC_MSGSEND = YES;
				ENABLE_TESTABILITY = YES;
				GCC_C_LANGUAGE_STANDARD = gnu11;
				GCC_DYNAMIC_NO_PIC = NO;
				GCC_NO_COMMON_BLOCKS = YES;
				GCC_OPTIMIZATION_LEVEL = 0;
				GCC_PREPROCESSOR_DEFINITIONS = (
					"DEBUG=1",
					"$(inherited)",
				);
				GCC_WARN_64_TO_32_BIT_CONVERSION = YES;
				GCC_WARN_ABOUT_RETURN_TYPE = YES_ERROR;
				GCC_WARN_UNDECLARED_SELECTOR = YES;
				GCC_WARN_UNINITIALIZED_AUTOS = YES_AGGRESSIVE;
				GCC_WARN_UNUSED_FUNCTION = YES;
				GCC_WARN_UNUSED_VARIABLE = YES;
				IPHONEOS_DEPLOYMENT_TARGET = 11.3;
				MTL_ENABLE_DEBUG_INFO = YES;
				ONLY_ACTIVE_ARCH = YES;
				SDKROOT = iphoneos;
			};
			name = Debug;
		};
		12E6CE2F209179BD00AC88E2 /* Release */ = {
			isa = XCBuildConfiguration;
			buildSettings = {
				ALWAYS_SEARCH_USER_PATHS = NO;
				CLANG_ANALYZER_NONNULL = YES;
				CLANG_ANALYZER_NUMBER_OBJECT_CONVERSION = YES_AGGRESSIVE;
				CLANG_CXX_LANGUAGE_STANDARD = "gnu++14";
				CLANG_CXX_LIBRARY = "libc++";
				CLANG_ENABLE_MODULES = YES;
				CLANG_ENABLE_OBJC_ARC = YES;
				CLANG_ENABLE_OBJC_WEAK = YES;
				CLANG_WARN_BLOCK_CAPTURE_AUTORELEASING = YES;
				CLANG_WARN_BOOL_CONVERSION = YES;
				CLANG_WARN_COMMA = YES;
				CLANG_WARN_CONSTANT_CONVERSION = YES;
				CLANG_WARN_DEPRECATED_OBJC_IMPLEMENTATIONS = YES;
				CLANG_WARN_DIRECT_OBJC_ISA_USAGE = YES_ERROR;
				CLANG_WARN_DOCUMENTATION_COMMENTS = YES;
				CLANG_WARN_EMPTY_BODY = YES;
				CLANG_WARN_ENUM_CONVERSION = YES;
				CLANG_WARN_INFINITE_RECURSION = YES;
				CLANG_WARN_INT_CONVERSION = YES;
				CLANG_WARN_NON_LITERAL_NULL_CONVERSION = YES;
				CLANG_WARN_OBJC_IMPLICIT_RETAIN_SELF = YES;
				CLANG_WARN_OBJC_LITERAL_CONVERSION = YES;
				CLANG_WARN_OBJC_ROOT_CLASS = YES_ERROR;
				CLANG_WARN_RANGE_LOOP_ANALYSIS = YES;
				CLANG_WARN_STRICT_PROTOTYPES = YES;
				CLANG_WARN_SUSPICIOUS_MOVE = YES;
				CLANG_WARN_UNGUARDED_AVAILABILITY = YES_AGGRESSIVE;
				CLANG_WARN_UNREACHABLE_CODE = YES;
				CLANG_WARN__DUPLICATE_METHOD_MATCH = YES;
				CODE_SIGN_IDENTITY = "iPhone Developer";
				COPY_PHASE_STRIP = NO;
				DEBUG_INFORMATION_FORMAT = "dwarf-with-dsym";
				ENABLE_NS_ASSERTIONS = NO;
				ENABLE_STRICT_OBJC_MSGSEND = YES;
				GCC_C_LANGUAGE_STANDARD = gnu11;
				GCC_NO_COMMON_BLOCKS = YES;
				GCC_WARN_64_TO_32_BIT_CONVERSION = YES;
				GCC_WARN_ABOUT_RETURN_TYPE = YES_ERROR;
				GCC_WARN_UNDECLARED_SELECTOR = YES;
				GCC_WARN_UNINITIALIZED_AUTOS = YES_AGGRESSIVE;
				GCC_WARN_UNUSED_FUNCTION = YES;
				GCC_WARN_UNUSED_VARIABLE = YES;
				IPHONEOS_DEPLOYMENT_TARGET = 11.3;
				MTL_ENABLE_DEBUG_INFO = NO;
				SDKROOT = iphoneos;
				VALIDATE_PRODUCT = YES;
			};
			name = Release;
		};
		12E6CE31209179BD00AC88E2 /* Debug */ = {
			isa = XCBuildConfiguration;
			baseConfigurationReference = F8D2D06433A16B025D8A8F80 /* Pods-PracticeCollectionView.debug.xcconfig */;
			buildSettings = {
				ASSETCATALOG_COMPILER_APPICON_NAME = AppIcon;
				CODE_SIGN_STYLE = Automatic;
				INFOPLIST_FILE = PracticeCollectionView/Info.plist;
				LD_RUNPATH_SEARCH_PATHS = (
					"$(inherited)",
					"@executable_path/Frameworks",
				);
				PRODUCT_BUNDLE_IDENTIFIER = ws.PracticeCollectionView;
				PRODUCT_NAME = "$(TARGET_NAME)";
				TARGETED_DEVICE_FAMILY = "1,2";
			};
			name = Debug;
		};
		12E6CE32209179BD00AC88E2 /* Release */ = {
			isa = XCBuildConfiguration;
			baseConfigurationReference = 380539D50ED89BCAFE180F33 /* Pods-PracticeCollectionView.release.xcconfig */;
			buildSettings = {
				ASSETCATALOG_COMPILER_APPICON_NAME = AppIcon;
				CODE_SIGN_STYLE = Automatic;
				INFOPLIST_FILE = PracticeCollectionView/Info.plist;
				LD_RUNPATH_SEARCH_PATHS = (
					"$(inherited)",
					"@executable_path/Frameworks",
				);
				PRODUCT_BUNDLE_IDENTIFIER = ws.PracticeCollectionView;
				PRODUCT_NAME = "$(TARGET_NAME)";
				TARGETED_DEVICE_FAMILY = "1,2";
			};
			name = Release;
		};
		12E6CE34209179BD00AC88E2 /* Debug */ = {
			isa = XCBuildConfiguration;
			buildSettings = {
				BUNDLE_LOADER = "$(TEST_HOST)";
				CODE_SIGN_STYLE = Automatic;
				INFOPLIST_FILE = PracticeCollectionViewTests/Info.plist;
				LD_RUNPATH_SEARCH_PATHS = (
					"$(inherited)",
					"@executable_path/Frameworks",
					"@loader_path/Frameworks",
				);
				PRODUCT_BUNDLE_IDENTIFIER = ws.PracticeCollectionViewTests;
				PRODUCT_NAME = "$(TARGET_NAME)";
				TARGETED_DEVICE_FAMILY = "1,2";
				TEST_HOST = "$(BUILT_PRODUCTS_DIR)/PracticeCollectionView.app/PracticeCollectionView";
			};
			name = Debug;
		};
		12E6CE35209179BD00AC88E2 /* Release */ = {
			isa = XCBuildConfiguration;
			buildSettings = {
				BUNDLE_LOADER = "$(TEST_HOST)";
				CODE_SIGN_STYLE = Automatic;
				INFOPLIST_FILE = PracticeCollectionViewTests/Info.plist;
				LD_RUNPATH_SEARCH_PATHS = (
					"$(inherited)",
					"@executable_path/Frameworks",
					"@loader_path/Frameworks",
				);
				PRODUCT_BUNDLE_IDENTIFIER = ws.PracticeCollectionViewTests;
				PRODUCT_NAME = "$(TARGET_NAME)";
				TARGETED_DEVICE_FAMILY = "1,2";
				TEST_HOST = "$(BUILT_PRODUCTS_DIR)/PracticeCollectionView.app/PracticeCollectionView";
			};
			name = Release;
		};
		12E6CE37209179BD00AC88E2 /* Debug */ = {
			isa = XCBuildConfiguration;
			buildSettings = {
				CODE_SIGN_STYLE = Automatic;
				INFOPLIST_FILE = PracticeCollectionViewUITests/Info.plist;
				LD_RUNPATH_SEARCH_PATHS = (
					"$(inherited)",
					"@executable_path/Frameworks",
					"@loader_path/Frameworks",
				);
				PRODUCT_BUNDLE_IDENTIFIER = ws.PracticeCollectionViewUITests;
				PRODUCT_NAME = "$(TARGET_NAME)";
				TARGETED_DEVICE_FAMILY = "1,2";
				TEST_TARGET_NAME = PracticeCollectionView;
			};
			name = Debug;
		};
		12E6CE38209179BD00AC88E2 /* Release */ = {
			isa = XCBuildConfiguration;
			buildSettings = {
				CODE_SIGN_STYLE = Automatic;
				INFOPLIST_FILE = PracticeCollectionViewUITests/Info.plist;
				LD_RUNPATH_SEARCH_PATHS = (
					"$(inherited)",
					"@executable_path/Frameworks",
					"@loader_path/Frameworks",
				);
				PRODUCT_BUNDLE_IDENTIFIER = ws.PracticeCollectionViewUITests;
				PRODUCT_NAME = "$(TARGET_NAME)";
				TARGETED_DEVICE_FAMILY = "1,2";
				TEST_TARGET_NAME = PracticeCollectionView;
			};
			name = Release;
		};
/* End XCBuildConfiguration section */

/* Begin XCConfigurationList section */
		12E6CDFF209179BC00AC88E2 /* Build configuration list for PBXProject "PracticeCollectionView" */ = {
			isa = XCConfigurationList;
			buildConfigurations = (
				12E6CE2E209179BD00AC88E2 /* Debug */,
				12E6CE2F209179BD00AC88E2 /* Release */,
			);
			defaultConfigurationIsVisible = 0;
			defaultConfigurationName = Release;
		};
		12E6CE30209179BD00AC88E2 /* Build configuration list for PBXNativeTarget "PracticeCollectionView" */ = {
			isa = XCConfigurationList;
			buildConfigurations = (
				12E6CE31209179BD00AC88E2 /* Debug */,
				12E6CE32209179BD00AC88E2 /* Release */,
			);
			defaultConfigurationIsVisible = 0;
			defaultConfigurationName = Release;
		};
		12E6CE33209179BD00AC88E2 /* Build configuration list for PBXNativeTarget "PracticeCollectionViewTests" */ = {
			isa = XCConfigurationList;
			buildConfigurations = (
				12E6CE34209179BD00AC88E2 /* Debug */,
				12E6CE35209179BD00AC88E2 /* Release */,
			);
			defaultConfigurationIsVisible = 0;
			defaultConfigurationName = Release;
		};
		12E6CE36209179BD00AC88E2 /* Build configuration list for PBXNativeTarget "PracticeCollectionViewUITests" */ = {
			isa = XCConfigurationList;
			buildConfigurations = (
				12E6CE37209179BD00AC88E2 /* Debug */,
				12E6CE38209179BD00AC88E2 /* Release */,
			);
			defaultConfigurationIsVisible = 0;
			defaultConfigurationName = Release;
		};
/* End XCConfigurationList section */
	};
	rootObject = 12E6CDFC209179BC00AC88E2 /* Project object */;
}
